
Microsoft Visual Studio Solution File, Format Version 12.00
# Visual Studio 2012
Project("{FAE04EC0-301F-11D3-BF4B-00C04F79EFBC}") = "cashinput", "cashinput\cashinput.csproj", "{7F507619-9F78-4C90-8A87-B81C31C33E17}"
EndProject
Project("{FAE04EC0-301F-11D3-BF4B-00C04F79EFBC}") = "cashinputDroid", "cashinputDroid\cashinputDroid.csproj", "{532DFE8D-22CB-4687-AA9C-FE667EA1A568}"
EndProject
Project("{FAE04EC0-301F-11D3-BF4B-00C04F79EFBC}") = "cashCore", "cashCore\cashCore.csproj", "{296BA015-CB86-44C4-9956-ABEE62A1C4FA}"
EndProject
Global
	GlobalSection(SolutionConfigurationPlatforms) = preSolution
		Debug|iPhoneSimulator = Debug|iPhoneSimulator
		Release|iPhone = Release|iPhone
		Release|iPhoneSimulator = Release|iPhoneSimulator
		Debug|iPhone = Debug|iPhone
		Debug|Any CPU = Debug|Any CPU
		Release|Any CPU = Release|Any CPU
	EndGlobalSection
	GlobalSection(ProjectConfigurationPlatforms) = postSolution
		{296BA015-CB86-44C4-9956-ABEE62A1C4FA}.Debug|Any CPU.ActiveCfg = Debug|Any CPU
		{296BA015-CB86-44C4-9956-ABEE62A1C4FA}.Debug|Any CPU.Build.0 = Debug|Any CPU
		{296BA015-CB86-44C4-9956-ABEE62A1C4FA}.Debug|iPhone.ActiveCfg = Debug|Any CPU
		{296BA015-CB86-44C4-9956-ABEE62A1C4FA}.Debug|iPhone.Build.0 = Debug|Any CPU
		{296BA015-CB86-44C4-9956-ABEE62A1C4FA}.Debug|iPhoneSimulator.ActiveCfg = Debug|Any CPU
		{296BA015-CB86-44C4-9956-ABEE62A1C4FA}.Debug|iPhoneSimulator.Build.0 = Debug|Any CPU
		{296BA015-CB86-44C4-9956-ABEE62A1C4FA}.Release|Any CPU.ActiveCfg = Release|Any CPU
		{296BA015-CB86-44C4-9956-ABEE62A1C4FA}.Release|Any CPU.Build.0 = Release|Any CPU
		{296BA015-CB86-44C4-9956-ABEE62A1C4FA}.Release|iPhone.ActiveCfg = Release|Any CPU
		{296BA015-CB86-44C4-9956-ABEE62A1C4FA}.Release|iPhone.Build.0 = Release|Any CPU
		{296BA015-CB86-44C4-9956-ABEE62A1C4FA}.Release|iPhoneSimulator.ActiveCfg = Release|Any CPU
		{296BA015-CB86-44C4-9956-ABEE62A1C4FA}.Release|iPhoneSimulator.Build.0 = Release|Any CPU
		{532DFE8D-22CB-4687-AA9C-FE667EA1A568}.Debug|Any CPU.ActiveCfg = Debug|Any CPU
		{532DFE8D-22CB-4687-AA9C-FE667EA1A568}.Debug|Any CPU.Build.0 = Debug|Any CPU
		{532DFE8D-22CB-4687-AA9C-FE667EA1A568}.Debug|iPhone.ActiveCfg = Debug|Any CPU
		{532DFE8D-22CB-4687-AA9C-FE667EA1A568}.Debug|iPhone.Build.0 = Debug|Any CPU
		{532DFE8D-22CB-4687-AA9C-FE667EA1A568}.Debug|iPhoneSimulator.ActiveCfg = Debug|Any CPU
		{532DFE8D-22CB-4687-AA9C-FE667EA1A568}.Debug|iPhoneSimulator.Build.0 = Debug|Any CPU
		{532DFE8D-22CB-4687-AA9C-FE667EA1A568}.Release|Any CPU.ActiveCfg = Release|Any CPU
		{532DFE8D-22CB-4687-AA9C-FE667EA1A568}.Release|Any CPU.Build.0 = Release|Any CPU
		{532DFE8D-22CB-4687-AA9C-FE667EA1A568}.Release|iPhone.ActiveCfg = Release|Any CPU
		{532DFE8D-22CB-4687-AA9C-FE667EA1A568}.Release|iPhone.Build.0 = Release|Any CPU
		{532DFE8D-22CB-4687-AA9C-FE667EA1A568}.Release|iPhoneSimulator.ActiveCfg = Release|Any CPU
		{532DFE8D-22CB-4687-AA9C-FE667EA1A568}.Release|iPhoneSimulator.Build.0 = Release|Any CPU
		{7F507619-9F78-4C90-8A87-B81C31C33E17}.Debug|Any CPU.ActiveCfg = Debug|iPhoneSimulator
		{7F507619-9F78-4C90-8A87-B81C31C33E17}.Debug|Any CPU.Build.0 = Debug|iPhoneSimulator
		{7F507619-9F78-4C90-8A87-B81C31C33E17}.Debug|iPhone.ActiveCfg = Debug|iPhone
		{7F507619-9F78-4C90-8A87-B81C31C33E17}.Debug|iPhone.Build.0 = Debug|iPhone
		{7F507619-9F78-4C90-8A87-B81C31C33E17}.Debug|iPhoneSimulator.ActiveCfg = Debug|iPhoneSimulator
		{7F507619-9F78-4C90-8A87-B81C31C33E17}.Debug|iPhoneSimulator.Build.0 = Debug|iPhoneSimulator
		{7F507619-9F78-4C90-8A87-B81C31C33E17}.Release|Any CPU.ActiveCfg = Release|iPhone
		{7F507619-9F78-4C90-8A87-B81C31C33E17}.Release|Any CPU.Build.0 = Release|iPhone
		{7F507619-9F78-4C90-8A87-B81C31C33E17}.Release|iPhone.ActiveCfg = Release|iPhone
		{7F507619-9F78-4C90-8A87-B81C31C33E17}.Release|iPhone.Build.0 = Release|iPhone
		{7F507619-9F78-4C90-8A87-B81C31C33E17}.Release|iPhoneSimulator.ActiveCfg = Release|iPhoneSimulator
		{7F507619-9F78-4C90-8A87-B81C31C33E17}.Release|iPhoneSimulator.Build.0 = Release|iPhoneSimulator
	EndGlobalSection
EndGlobal
